
Microsoft Visual Studio Solution File, Format Version 12.00
# Visual Studio Version 17
VisualStudioVersion = 17.2.32630.192
MinimumVisualStudioVersion = 10.0.40219.1
Project("{FAE04EC0-301F-11D3-BF4B-00C04F79EFBC}") = "ServicoVersao", "ServicoVersao\ServicoVersao.csproj", "{98680E19-9294-4FC1-B3D5-35E5521A98CD}"
EndProject
Project("{FAE04EC0-301F-11D3-BF4B-00C04F79EFBC}") = "Web", "Web\Web.csproj", "{F165C05F-F7BD-4118-B064-585EB794A9AB}"
EndProject
Global
	GlobalSection(SolutionConfigurationPlatforms) = preSolution
		Debug|Any CPU = Debug|Any CPU
		Release|Any CPU = Release|Any CPU
	EndGlobalSection
	GlobalSection(ProjectConfigurationPlatforms) = postSolution
		{98680E19-9294-4FC1-B3D5-35E5521A98CD}.Debug|Any CPU.ActiveCfg = Debug|Any CPU
		{98680E19-9294-4FC1-B3D5-35E5521A98CD}.Debug|Any CPU.Build.0 = Debug|Any CPU
		{98680E19-9294-4FC1-B3D5-35E5521A98CD}.Release|Any CPU.ActiveCfg = Release|Any CPU
		{98680E19-9294-4FC1-B3D5-35E5521A98CD}.Release|Any CPU.Build.0 = Release|Any CPU
		{F165C05F-F7BD-4118-B064-585EB794A9AB}.Debug|Any CPU.ActiveCfg = Debug|Any CPU
		{F165C05F-F7BD-4118-B064-585EB794A9AB}.Debug|Any CPU.Build.0 = Debug|Any CPU
		{F165C05F-F7BD-4118-B064-585EB794A9AB}.Release|Any CPU.ActiveCfg = Release|Any CPU
		{F165C05F-F7BD-4118-B064-585EB794A9AB}.Release|Any CPU.Build.0 = Release|Any CPU
	EndGlobalSection
	GlobalSection(SolutionProperties) = preSolution
		HideSolutionNode = FALSE
	EndGlobalSection
	GlobalSection(ExtensibilityGlobals) = postSolution
		SolutionGuid = {B0E2FBD4-6E84-445D-AD74-06EA7AD5D157}
	EndGlobalSection
EndGlobal
